
Microsoft Visual Studio Solution File, Format Version 12.00
# Visual Studio Version 17
VisualStudioVersion = 17.0.32112.339
MinimumVisualStudioVersion = 10.0.40219.1
Project("{FAE04EC0-301F-11D3-BF4B-00C04F79EFBC}") = "registry", "registry.csproj", "{F09217F8-F532-4D4B-9122-48C57EA9FD95}"
EndProject
Global
	GlobalSection(SolutionConfigurationPlatforms) = preSolution
		Debug|Any CPU = Debug|Any CPU
		Release|Any CPU = Release|Any CPU
	EndGlobalSection
	GlobalSection(ProjectConfigurationPlatforms) = postSolution
		{F09217F8-F532-4D4B-9122-48C57EA9FD95}.Debug|Any CPU.ActiveCfg = Debug|Any CPU
		{F09217F8-F532-4D4B-9122-48C57EA9FD95}.Debug|Any CPU.Build.0 = Debug|Any CPU
		{F09217F8-F532-4D4B-9122-48C57EA9FD95}.Release|Any CPU.ActiveCfg = Release|Any CPU
		{F09217F8-F532-4D4B-9122-48C57EA9FD95}.Release|Any CPU.Build.0 = Release|Any CPU
	EndGlobalSection
	GlobalSection(SolutionProperties) = preSolution
		HideSolutionNode = FALSE
	EndGlobalSection
	GlobalSection(ExtensibilityGlobals) = postSolution
		SolutionGuid = {DF2A9873-F465-4483-96EF-7A97701A249E}
	EndGlobalSection
EndGlobal
